
Microsoft Visual Studio Solution File, Format Version 12.00
# Visual Studio Version 16
VisualStudioVersion = 16.0.30907.101
MinimumVisualStudioVersion = 10.0.40219.1
Project("{9A19103F-16F7-4668-BE54-9A1E7A4F7556}") = "Pandologic", "Pandologic\Pandologic.csproj", "{24CDA0E4-98EB-43F5-94F0-F7FB3A74D1A7}"
EndProject
Project("{9A19103F-16F7-4668-BE54-9A1E7A4F7556}") = "Tests", "Tests\Tests.csproj", "{FBD082E7-263A-436F-9826-99A1921D56DA}"
EndProject
Project("{FAE04EC0-301F-11D3-BF4B-00C04F79EFBC}") = "Services", "Services\Services.csproj", "{4AC02A10-CCFC-475D-A67D-6FF89C64990E}"
EndProject
Global
	GlobalSection(SolutionConfigurationPlatforms) = preSolution
		Debug|Any CPU = Debug|Any CPU
		Release|Any CPU = Release|Any CPU
	EndGlobalSection
	GlobalSection(ProjectConfigurationPlatforms) = postSolution
		{24CDA0E4-98EB-43F5-94F0-F7FB3A74D1A7}.Debug|Any CPU.ActiveCfg = Debug|Any CPU
		{24CDA0E4-98EB-43F5-94F0-F7FB3A74D1A7}.Debug|Any CPU.Build.0 = Debug|Any CPU
		{24CDA0E4-98EB-43F5-94F0-F7FB3A74D1A7}.Release|Any CPU.ActiveCfg = Release|Any CPU
		{24CDA0E4-98EB-43F5-94F0-F7FB3A74D1A7}.Release|Any CPU.Build.0 = Release|Any CPU
		{FBD082E7-263A-436F-9826-99A1921D56DA}.Debug|Any CPU.ActiveCfg = Debug|Any CPU
		{FBD082E7-263A-436F-9826-99A1921D56DA}.Debug|Any CPU.Build.0 = Debug|Any CPU
		{FBD082E7-263A-436F-9826-99A1921D56DA}.Release|Any CPU.ActiveCfg = Release|Any CPU
		{FBD082E7-263A-436F-9826-99A1921D56DA}.Release|Any CPU.Build.0 = Release|Any CPU
		{4AC02A10-CCFC-475D-A67D-6FF89C64990E}.Debug|Any CPU.ActiveCfg = Debug|Any CPU
		{4AC02A10-CCFC-475D-A67D-6FF89C64990E}.Debug|Any CPU.Build.0 = Debug|Any CPU
		{4AC02A10-CCFC-475D-A67D-6FF89C64990E}.Release|Any CPU.ActiveCfg = Release|Any CPU
		{4AC02A10-CCFC-475D-A67D-6FF89C64990E}.Release|Any CPU.Build.0 = Release|Any CPU
	EndGlobalSection
	GlobalSection(SolutionProperties) = preSolution
		HideSolutionNode = FALSE
	EndGlobalSection
	GlobalSection(ExtensibilityGlobals) = postSolution
		SolutionGuid = {2F514707-F10A-40C7-A890-0F68A945D017}
	EndGlobalSection
EndGlobal
